{
  "name": "nostr-ndk",
  "version": "0.0.1",
  "lockfileVersion": 3,
  "requires": true,
  "packages": {
    "": {
      "name": "nostr-ndk",
      "version": "0.0.1",
      "dependencies": {
        "@nostr-dev-kit/ndk": "^2.3.2"
      },
      "devDependencies": {
        "vite": "^5.0.11"
      }
    },
    "node_modules/@esbuild/aix-ppc64": {
      "version": "0.19.12",
      "resolved": "https://registry.npmjs.org/@esbuild/aix-ppc64/-/aix-ppc64-0.19.12.tgz",
      "integrity": "sha512-bmoCYyWdEL3wDQIVbcyzRyeKLgk2WtWLTWz1ZIAZF/EGbNOwSA6ew3PftJ1PqMiOOGu0OyFMzG53L0zqIpPeNA==",
      "cpu": [
        "ppc64"
      ],
      "dev": true,
      "optional": true,
      "os": [
        "aix"
      ],
      "engines": {
        "node": ">=12"
      }
    },
    "node_modules/@esbuild/android-arm": {
      "version": "0.19.12",
      "resolved": "https://registry.npmjs.org/@esbuild/android-arm/-/android-arm-0.19.12.tgz",
      "integrity": "sha512-qg/Lj1mu3CdQlDEEiWrlC4eaPZ1KztwGJ9B6J+/6G+/4ewxJg7gqj8eVYWvao1bXrqGiW2rsBZFSX3q2lcW05w==",
      "cpu": [
        "arm"
      ],
      "dev": true,
      "optional": true,
      "os": [
        "android"
      ],
      "engines": {
        "node": ">=12"
      }
    },
    "node_modules/@esbuild/android-arm64": {
      "version": "0.19.12",
      "resolved": "https://registry.npmjs.org/@esbuild/android-arm64/-/android-arm64-0.19.12.tgz",
      "integrity": "sha512-P0UVNGIienjZv3f5zq0DP3Nt2IE/3plFzuaS96vihvD0Hd6H/q4WXUGpCxD/E8YrSXfNyRPbpTq+T8ZQioSuPA==",
      "cpu": [
        "arm64"
      ],
      "dev": true,
      "optional": true,
      "os": [
        "android"
      ],
      "engines": {
        "node": ">=12"
      }
    },
    "node_modules/@esbuild/android-x64": {
      "version": "0.19.12",
      "resolved": "https://registry.npmjs.org/@esbuild/android-x64/-/android-x64-0.19.12.tgz",
      "integrity": "sha512-3k7ZoUW6Q6YqhdhIaq/WZ7HwBpnFBlW905Fa4s4qWJyiNOgT1dOqDiVAQFwBH7gBRZr17gLrlFCRzF6jFh7Kew==",
      "cpu": [
        "x64"
      ],
      "dev": true,
      "optional": true,
      "os": [
        "android"
      ],
      "engines": {
        "node": ">=12"
      }
    },
    "node_modules/@esbuild/darwin-arm64": {
      "version": "0.19.12",
      "resolved": "https://registry.npmjs.org/@esbuild/darwin-arm64/-/darwin-arm64-0.19.12.tgz",
      "integrity": "sha512-B6IeSgZgtEzGC42jsI+YYu9Z3HKRxp8ZT3cqhvliEHovq8HSX2YX8lNocDn79gCKJXOSaEot9MVYky7AKjCs8g==",
      "cpu": [
        "arm64"
      ],
      "dev": true,
      "optional": true,
      "os": [
        "darwin"
      ],
      "engines": {
        "node": ">=12"
      }
    },
    "node_modules/@esbuild/darwin-x64": {
      "version": "0.19.12",
      "resolved": "https://registry.npmjs.org/@esbuild/darwin-x64/-/darwin-x64-0.19.12.tgz",
      "integrity": "sha512-hKoVkKzFiToTgn+41qGhsUJXFlIjxI/jSYeZf3ugemDYZldIXIxhvwN6erJGlX4t5h417iFuheZ7l+YVn05N3A==",
      "cpu": [
        "x64"
      ],
      "dev": true,
      "optional": true,
      "os": [
        "darwin"
      ],
      "engines": {
        "node": ">=12"
      }
    },
    "node_modules/@esbuild/freebsd-arm64": {
      "version": "0.19.12",
      "resolved": "https://registry.npmjs.org/@esbuild/freebsd-arm64/-/freebsd-arm64-0.19.12.tgz",
      "integrity": "sha512-4aRvFIXmwAcDBw9AueDQ2YnGmz5L6obe5kmPT8Vd+/+x/JMVKCgdcRwH6APrbpNXsPz+K653Qg8HB/oXvXVukA==",
      "cpu": [
        "arm64"
      ],
      "dev": true,
      "optional": true,
      "os": [
        "freebsd"
      ],
      "engines": {
        "node": ">=12"
      }
    },
    "node_modules/@esbuild/freebsd-x64": {
      "version": "0.19.12",
      "resolved": "https://registry.npmjs.org/@esbuild/freebsd-x64/-/freebsd-x64-0.19.12.tgz",
      "integrity": "sha512-EYoXZ4d8xtBoVN7CEwWY2IN4ho76xjYXqSXMNccFSx2lgqOG/1TBPW0yPx1bJZk94qu3tX0fycJeeQsKovA8gg==",
      "cpu": [
        "x64"
      ],
      "dev": true,
      "optional": true,
      "os": [
        "freebsd"
      ],
      "engines": {
        "node": ">=12"
      }
    },
    "node_modules/@esbuild/linux-arm": {
      "version": "0.19.12",
      "resolved": "https://registry.npmjs.org/@esbuild/linux-arm/-/linux-arm-0.19.12.tgz",
      "integrity": "sha512-J5jPms//KhSNv+LO1S1TX1UWp1ucM6N6XuL6ITdKWElCu8wXP72l9MM0zDTzzeikVyqFE6U8YAV9/tFyj0ti+w==",
      "cpu": [
        "arm"
      ],
      "dev": true,
      "optional": true,
      "os": [
        "linux"
      ],
      "engines": {
        "node": ">=12"
      }
    },
    "node_modules/@esbuild/linux-arm64": {
      "version": "0.19.12",
      "resolved": "https://registry.npmjs.org/@esbuild/linux-arm64/-/linux-arm64-0.19.12.tgz",
      "integrity": "sha512-EoTjyYyLuVPfdPLsGVVVC8a0p1BFFvtpQDB/YLEhaXyf/5bczaGeN15QkR+O4S5LeJ92Tqotve7i1jn35qwvdA==",
      "cpu": [
        "arm64"
      ],
      "dev": true,
      "optional": true,
      "os": [
        "linux"
      ],
      "engines": {
        "node": ">=12"
      }
    },
    "node_modules/@esbuild/linux-ia32": {
      "version": "0.19.12",
      "resolved": "https://registry.npmjs.org/@esbuild/linux-ia32/-/linux-ia32-0.19.12.tgz",
      "integrity": "sha512-Thsa42rrP1+UIGaWz47uydHSBOgTUnwBwNq59khgIwktK6x60Hivfbux9iNR0eHCHzOLjLMLfUMLCypBkZXMHA==",
      "cpu": [
        "ia32"
      ],
      "dev": true,
      "optional": true,
      "os": [
        "linux"
      ],
      "engines": {
        "node": ">=12"
      }
    },
    "node_modules/@esbuild/linux-loong64": {
      "version": "0.19.12",
      "resolved": "https://registry.npmjs.org/@esbuild/linux-loong64/-/linux-loong64-0.19.12.tgz",
      "integrity": "sha512-LiXdXA0s3IqRRjm6rV6XaWATScKAXjI4R4LoDlvO7+yQqFdlr1Bax62sRwkVvRIrwXxvtYEHHI4dm50jAXkuAA==",
      "cpu": [
        "loong64"
      ],
      "dev": true,
      "optional": true,
      "os": [
        "linux"
      ],
      "engines": {
        "node": ">=12"
      }
    },
    "node_modules/@esbuild/linux-mips64el": {
      "version": "0.19.12",
      "resolved": "https://registry.npmjs.org/@esbuild/linux-mips64el/-/linux-mips64el-0.19.12.tgz",
      "integrity": "sha512-fEnAuj5VGTanfJ07ff0gOA6IPsvrVHLVb6Lyd1g2/ed67oU1eFzL0r9WL7ZzscD+/N6i3dWumGE1Un4f7Amf+w==",
      "cpu": [
        "mips64el"
      ],
      "dev": true,
      "optional": true,
      "os": [
        "linux"
      ],
      "engines": {
        "node": ">=12"
      }
    },
    "node_modules/@esbuild/linux-ppc64": {
      "version": "0.19.12",
      "resolved": "https://registry.npmjs.org/@esbuild/linux-ppc64/-/linux-ppc64-0.19.12.tgz",
      "integrity": "sha512-nYJA2/QPimDQOh1rKWedNOe3Gfc8PabU7HT3iXWtNUbRzXS9+vgB0Fjaqr//XNbd82mCxHzik2qotuI89cfixg==",
      "cpu": [
        "ppc64"
      ],
      "dev": true,
      "optional": true,
      "os": [
        "linux"
      ],
      "engines": {
        "node": ">=12"
      }
    },
    "node_modules/@esbuild/linux-riscv64": {
      "version": "0.19.12",
      "resolved": "https://registry.npmjs.org/@esbuild/linux-riscv64/-/linux-riscv64-0.19.12.tgz",
      "integrity": "sha512-2MueBrlPQCw5dVJJpQdUYgeqIzDQgw3QtiAHUC4RBz9FXPrskyyU3VI1hw7C0BSKB9OduwSJ79FTCqtGMWqJHg==",
      "cpu": [
        "riscv64"
      ],
      "dev": true,
      "optional": true,
      "os": [
        "linux"
      ],
      "engines": {
        "node": ">=12"
      }
    },
    "node_modules/@esbuild/linux-s390x": {
      "version": "0.19.12",
      "resolved": "https://registry.npmjs.org/@esbuild/linux-s390x/-/linux-s390x-0.19.12.tgz",
      "integrity": "sha512-+Pil1Nv3Umes4m3AZKqA2anfhJiVmNCYkPchwFJNEJN5QxmTs1uzyy4TvmDrCRNT2ApwSari7ZIgrPeUx4UZDg==",
      "cpu": [
        "s390x"
      ],
      "dev": true,
      "optional": true,
      "os": [
        "linux"
      ],
      "engines": {
        "node": ">=12"
      }
    },
    "node_modules/@esbuild/linux-x64": {
      "version": "0.19.12",
      "resolved": "https://registry.npmjs.org/@esbuild/linux-x64/-/linux-x64-0.19.12.tgz",
      "integrity": "sha512-B71g1QpxfwBvNrfyJdVDexenDIt1CiDN1TIXLbhOw0KhJzE78KIFGX6OJ9MrtC0oOqMWf+0xop4qEU8JrJTwCg==",
      "cpu": [
        "x64"
      ],
      "dev": true,
      "optional": true,
      "os": [
        "linux"
      ],
      "engines": {
        "node": ">=12"
      }
    },
    "node_modules/@esbuild/netbsd-x64": {
      "version": "0.19.12",
      "resolved": "https://registry.npmjs.org/@esbuild/netbsd-x64/-/netbsd-x64-0.19.12.tgz",
      "integrity": "sha512-3ltjQ7n1owJgFbuC61Oj++XhtzmymoCihNFgT84UAmJnxJfm4sYCiSLTXZtE00VWYpPMYc+ZQmB6xbSdVh0JWA==",
      "cpu": [
        "x64"
      ],
      "dev": true,
      "optional": true,
      "os": [
        "netbsd"
      ],
      "engines": {
        "node": ">=12"
      }
    },
    "node_modules/@esbuild/openbsd-x64": {
      "version": "0.19.12",
      "resolved": "https://registry.npmjs.org/@esbuild/openbsd-x64/-/openbsd-x64-0.19.12.tgz",
      "integrity": "sha512-RbrfTB9SWsr0kWmb9srfF+L933uMDdu9BIzdA7os2t0TXhCRjrQyCeOt6wVxr79CKD4c+p+YhCj31HBkYcXebw==",
      "cpu": [
        "x64"
      ],
      "dev": true,
      "optional": true,
      "os": [
        "openbsd"
      ],
      "engines": {
        "node": ">=12"
      }
    },
    "node_modules/@esbuild/sunos-x64": {
      "version": "0.19.12",
      "resolved": "https://registry.npmjs.org/@esbuild/sunos-x64/-/sunos-x64-0.19.12.tgz",
      "integrity": "sha512-HKjJwRrW8uWtCQnQOz9qcU3mUZhTUQvi56Q8DPTLLB+DawoiQdjsYq+j+D3s9I8VFtDr+F9CjgXKKC4ss89IeA==",
      "cpu": [
        "x64"
      ],
      "dev": true,
      "optional": true,
      "os": [
        "sunos"
      ],
      "engines": {
        "node": ">=12"
      }
    },
    "node_modules/@esbuild/win32-arm64": {
      "version": "0.19.12",
      "resolved": "https://registry.npmjs.org/@esbuild/win32-arm64/-/win32-arm64-0.19.12.tgz",
      "integrity": "sha512-URgtR1dJnmGvX864pn1B2YUYNzjmXkuJOIqG2HdU62MVS4EHpU2946OZoTMnRUHklGtJdJZ33QfzdjGACXhn1A==",
      "cpu": [
        "arm64"
      ],
      "dev": true,
      "optional": true,
      "os": [
        "win32"
      ],
      "engines": {
        "node": ">=12"
      }
    },
    "node_modules/@esbuild/win32-ia32": {
      "version": "0.19.12",
      "resolved": "https://registry.npmjs.org/@esbuild/win32-ia32/-/win32-ia32-0.19.12.tgz",
      "integrity": "sha512-+ZOE6pUkMOJfmxmBZElNOx72NKpIa/HFOMGzu8fqzQJ5kgf6aTGrcJaFsNiVMH4JKpMipyK+7k0n2UXN7a8YKQ==",
      "cpu": [
        "ia32"
      ],
      "dev": true,
      "optional": true,
      "os": [
        "win32"
      ],
      "engines": {
        "node": ">=12"
      }
    },
    "node_modules/@esbuild/win32-x64": {
      "version": "0.19.12",
      "resolved": "https://registry.npmjs.org/@esbuild/win32-x64/-/win32-x64-0.19.12.tgz",
      "integrity": "sha512-T1QyPSDCyMXaO3pzBkF96E8xMkiRYbUEZADd29SyPGabqxMViNoii+NcK7eWJAEoU6RZyEm5lVSIjTmcdoB9HA==",
      "cpu": [
        "x64"
      ],
      "dev": true,
      "optional": true,
      "os": [
        "win32"
      ],
      "engines": {
        "node": ">=12"
      }
    },
    "node_modules/@noble/ciphers": {
      "version": "0.2.0",
      "resolved": "https://registry.npmjs.org/@noble/ciphers/-/ciphers-0.2.0.tgz",
      "integrity": "sha512-6YBxJDAapHSdd3bLDv6x2wRPwq4QFMUaB3HvljNBUTThDd12eSm7/3F+2lnfzx2jvM+S6Nsy0jEt9QbPqSwqRw==",
      "funding": {
        "url": "https://paulmillr.com/funding/"
      }
    },
    "node_modules/@noble/curves": {
      "version": "1.1.0",
      "resolved": "https://registry.npmjs.org/@noble/curves/-/curves-1.1.0.tgz",
      "integrity": "sha512-091oBExgENk/kGj3AZmtBDMpxQPDtxQABR2B9lb1JbVTs6ytdzZNwvhxQ4MWasRNEzlbEH8jCWFCwhF/Obj5AA==",
      "dependencies": {
        "@noble/hashes": "1.3.1"
      },
      "funding": {
        "url": "https://paulmillr.com/funding/"
      }
    },
    "node_modules/@noble/curves/node_modules/@noble/hashes": {
      "version": "1.3.1",
      "resolved": "https://registry.npmjs.org/@noble/hashes/-/hashes-1.3.1.tgz",
      "integrity": "sha512-EbqwksQwz9xDRGfDST86whPBgM65E0OH/pCgqW0GBVzO22bNE+NuIbeTb714+IfSjU3aRk47EUvXIb5bTsenKA==",
      "engines": {
        "node": ">= 16"
      },
      "funding": {
        "url": "https://paulmillr.com/funding/"
      }
    },
    "node_modules/@noble/hashes": {
      "version": "1.3.3",
      "resolved": "https://registry.npmjs.org/@noble/hashes/-/hashes-1.3.3.tgz",
      "integrity": "sha512-V7/fPHgl+jsVPXqqeOzT8egNj2iBIVt+ECeMMG8TdcnTikP3oaBtUVqpT/gYCR68aEBJSF+XbYUxStjbFMqIIA==",
      "engines": {
        "node": ">= 16"
      },
      "funding": {
        "url": "https://paulmillr.com/funding/"
      }
    },
    "node_modules/@noble/secp256k1": {
      "version": "2.0.0",
      "resolved": "https://registry.npmjs.org/@noble/secp256k1/-/secp256k1-2.0.0.tgz",
      "integrity": "sha512-rUGBd95e2a45rlmFTqQJYEFA4/gdIARFfuTuTqLglz0PZ6AKyzyXsEZZq7UZn8hZsvaBgpCzKKBJizT2cJERXw==",
      "funding": [
        {
          "type": "individual",
          "url": "https://paulmillr.com/funding/"
        }
      ]
    },
    "node_modules/@nostr-dev-kit/ndk": {
      "version": "2.5.0",
      "resolved": "https://registry.npmjs.org/@nostr-dev-kit/ndk/-/ndk-2.5.0.tgz",
      "integrity": "sha512-A2nRgjjLScDhGZGPWx8xUIJM66dJWScdWQoCn/tI1Gtwpple+C2Jp7C9t3mb0oF3bwd2nsV6qwS//wdrH8QvYQ==",
      "dependencies": {
        "@noble/hashes": "^1.3.1",
        "@noble/secp256k1": "^2.0.0",
        "@scure/base": "^1.1.1",
        "debug": "^4.3.4",
        "light-bolt11-decoder": "^3.0.0",
        "node-fetch": "^3.3.1",
        "nostr-tools": "^1.15.0",
        "tseep": "^1.1.1",
        "typescript-lru-cache": "^2.0.0",
        "utf8-buffer": "^1.0.0",
        "websocket-polyfill": "^0.0.3"
      }
    },
    "node_modules/@rollup/rollup-android-arm-eabi": {
      "version": "4.12.1",
      "resolved": "https://registry.npmjs.org/@rollup/rollup-android-arm-eabi/-/rollup-android-arm-eabi-4.12.1.tgz",
      "integrity": "sha512-iU2Sya8hNn1LhsYyf0N+L4Gf9Qc+9eBTJJJsaOGUp+7x4n2M9dxTt8UvhJl3oeftSjblSlpCfvjA/IfP3g5VjQ==",
      "cpu": [
        "arm"
      ],
      "dev": true,
      "optional": true,
      "os": [
        "android"
      ]
    },
    "node_modules/@rollup/rollup-android-arm64": {
      "version": "4.12.1",
      "resolved": "https://registry.npmjs.org/@rollup/rollup-android-arm64/-/rollup-android-arm64-4.12.1.tgz",
      "integrity": "sha512-wlzcWiH2Ir7rdMELxFE5vuM7D6TsOcJ2Yw0c3vaBR3VOsJFVTx9xvwnAvhgU5Ii8Gd6+I11qNHwndDscIm0HXg==",
      "cpu": [
        "arm64"
      ],
      "dev": true,
      "optional": true,
      "os": [
        "android"
      ]
    },
    "node_modules/@rollup/rollup-darwin-arm64": {
      "version": "4.12.1",
      "resolved": "https://registry.npmjs.org/@rollup/rollup-darwin-arm64/-/rollup-darwin-arm64-4.12.1.tgz",
      "integrity": "sha512-YRXa1+aZIFN5BaImK+84B3uNK8C6+ynKLPgvn29X9s0LTVCByp54TB7tdSMHDR7GTV39bz1lOmlLDuedgTwwHg==",
      "cpu": [
        "arm64"
      ],
      "dev": true,
      "optional": true,
      "os": [
        "darwin"
      ]
    },
    "node_modules/@rollup/rollup-darwin-x64": {
      "version": "4.12.1",
      "resolved": "https://registry.npmjs.org/@rollup/rollup-darwin-x64/-/rollup-darwin-x64-4.12.1.tgz",
      "integrity": "sha512-opjWJ4MevxeA8FhlngQWPBOvVWYNPFkq6/25rGgG+KOy0r8clYwL1CFd+PGwRqqMFVQ4/Qd3sQu5t7ucP7C/Uw==",
      "cpu": [
        "x64"
      ],
      "dev": true,
      "optional": true,
      "os": [
        "darwin"
      ]
    },
    "node_modules/@rollup/rollup-linux-arm-gnueabihf": {
      "version": "4.12.1",
      "resolved": "https://registry.npmjs.org/@rollup/rollup-linux-arm-gnueabihf/-/rollup-linux-arm-gnueabihf-4.12.1.tgz",
      "integrity": "sha512-uBkwaI+gBUlIe+EfbNnY5xNyXuhZbDSx2nzzW8tRMjUmpScd6lCQYKY2V9BATHtv5Ef2OBq6SChEP8h+/cxifQ==",
      "cpu": [
        "arm"
      ],
      "dev": true,
      "optional": true,
      "os": [
        "linux"
      ]
    },
    "node_modules/@rollup/rollup-linux-arm64-gnu": {
      "version": "4.12.1",
      "resolved": "https://registry.npmjs.org/@rollup/rollup-linux-arm64-gnu/-/rollup-linux-arm64-gnu-4.12.1.tgz",
      "integrity": "sha512-0bK9aG1kIg0Su7OcFTlexkVeNZ5IzEsnz1ept87a0TUgZ6HplSgkJAnFpEVRW7GRcikT4GlPV0pbtVedOaXHQQ==",
      "cpu": [
        "arm64"
      ],
      "dev": true,
      "optional": true,
      "os": [
        "linux"
      ]
    },
    "node_modules/@rollup/rollup-linux-arm64-musl": {
      "version": "4.12.1",
      "resolved": "https://registry.npmjs.org/@rollup/rollup-linux-arm64-musl/-/rollup-linux-arm64-musl-4.12.1.tgz",
      "integrity": "sha512-qB6AFRXuP8bdkBI4D7UPUbE7OQf7u5OL+R94JE42Z2Qjmyj74FtDdLGeriRyBDhm4rQSvqAGCGC01b8Fu2LthQ==",
      "cpu": [
        "arm64"
      ],
      "dev": true,
      "optional": true,
      "os": [
        "linux"
      ]
    },
    "node_modules/@rollup/rollup-linux-riscv64-gnu": {
      "version": "4.12.1",
      "resolved": "https://registry.npmjs.org/@rollup/rollup-linux-riscv64-gnu/-/rollup-linux-riscv64-gnu-4.12.1.tgz",
      "integrity": "sha512-sHig3LaGlpNgDj5o8uPEoGs98RII8HpNIqFtAI8/pYABO8i0nb1QzT0JDoXF/pxzqO+FkxvwkHZo9k0NJYDedg==",
      "cpu": [
        "riscv64"
      ],
      "dev": true,
      "optional": true,
      "os": [
        "linux"
      ]
    },
    "node_modules/@rollup/rollup-linux-x64-gnu": {
      "version": "4.12.1",
      "resolved": "https://registry.npmjs.org/@rollup/rollup-linux-x64-gnu/-/rollup-linux-x64-gnu-4.12.1.tgz",
      "integrity": "sha512-nD3YcUv6jBJbBNFvSbp0IV66+ba/1teuBcu+fBBPZ33sidxitc6ErhON3JNavaH8HlswhWMC3s5rgZpM4MtPqQ==",
      "cpu": [
        "x64"
      ],
      "dev": true,
      "optional": true,
      "os": [
        "linux"
      ]
    },
    "node_modules/@rollup/rollup-linux-x64-musl": {
      "version": "4.12.1",
      "resolved": "https://registry.npmjs.org/@rollup/rollup-linux-x64-musl/-/rollup-linux-x64-musl-4.12.1.tgz",
      "integrity": "sha512-7/XVZqgBby2qp/cO0TQ8uJK+9xnSdJ9ct6gSDdEr4MfABrjTyrW6Bau7HQ73a2a5tPB7hno49A0y1jhWGDN9OQ==",
      "cpu": [
        "x64"
      ],
      "dev": true,
      "optional": true,
      "os": [
        "linux"
      ]
    },
    "node_modules/@rollup/rollup-win32-arm64-msvc": {
      "version": "4.12.1",
      "resolved": "https://registry.npmjs.org/@rollup/rollup-win32-arm64-msvc/-/rollup-win32-arm64-msvc-4.12.1.tgz",
      "integrity": "sha512-CYc64bnICG42UPL7TrhIwsJW4QcKkIt9gGlj21gq3VV0LL6XNb1yAdHVp1pIi9gkts9gGcT3OfUYHjGP7ETAiw==",
      "cpu": [
        "arm64"
      ],
      "dev": true,
      "optional": true,
      "os": [
        "win32"
      ]
    },
    "node_modules/@rollup/rollup-win32-ia32-msvc": {
      "version": "4.12.1",
      "resolved": "https://registry.npmjs.org/@rollup/rollup-win32-ia32-msvc/-/rollup-win32-ia32-msvc-4.12.1.tgz",
      "integrity": "sha512-LN+vnlZ9g0qlHGlS920GR4zFCqAwbv2lULrR29yGaWP9u7wF5L7GqWu9Ah6/kFZPXPUkpdZwd//TNR+9XC9hvA==",
      "cpu": [
        "ia32"
      ],
      "dev": true,
      "optional": true,
      "os": [
        "win32"
      ]
    },
    "node_modules/@rollup/rollup-win32-x64-msvc": {
      "version": "4.12.1",
      "resolved": "https://registry.npmjs.org/@rollup/rollup-win32-x64-msvc/-/rollup-win32-x64-msvc-4.12.1.tgz",
      "integrity": "sha512-n+vkrSyphvmU0qkQ6QBNXCGr2mKjhP08mPRM/Xp5Ck2FV4NrHU+y6axzDeixUrCBHVUS51TZhjqrKBBsHLKb2Q==",
      "cpu": [
        "x64"
      ],
      "dev": true,
      "optional": true,
      "os": [
        "win32"
      ]
    },
    "node_modules/@scure/base": {
      "version": "1.1.5",
      "resolved": "https://registry.npmjs.org/@scure/base/-/base-1.1.5.tgz",
      "integrity": "sha512-Brj9FiG2W1MRQSTB212YVPRrcbjkv48FoZi/u4l/zds/ieRrqsh7aUf6CLwkAq61oKXr/ZlTzlY66gLIj3TFTQ==",
      "funding": {
        "url": "https://paulmillr.com/funding/"
      }
    },
    "node_modules/@scure/bip32": {
      "version": "1.3.1",
      "resolved": "https://registry.npmjs.org/@scure/bip32/-/bip32-1.3.1.tgz",
      "integrity": "sha512-osvveYtyzdEVbt3OfwwXFr4P2iVBL5u1Q3q4ONBfDY/UpOuXmOlbgwc1xECEboY8wIays8Yt6onaWMUdUbfl0A==",
      "dependencies": {
        "@noble/curves": "~1.1.0",
        "@noble/hashes": "~1.3.1",
        "@scure/base": "~1.1.0"
      },
      "funding": {
        "url": "https://paulmillr.com/funding/"
      }
    },
    "node_modules/@scure/bip39": {
      "version": "1.2.1",
      "resolved": "https://registry.npmjs.org/@scure/bip39/-/bip39-1.2.1.tgz",
      "integrity": "sha512-Z3/Fsz1yr904dduJD0NpiyRHhRYHdcnyh73FZWiV+/qhWi83wNJ3NWolYqCEN+ZWsUz2TWwajJggcRE9r1zUYg==",
      "dependencies": {
        "@noble/hashes": "~1.3.0",
        "@scure/base": "~1.1.0"
      },
      "funding": {
        "url": "https://paulmillr.com/funding/"
      }
    },
    "node_modules/@types/estree": {
      "version": "1.0.5",
      "resolved": "https://registry.npmjs.org/@types/estree/-/estree-1.0.5.tgz",
      "integrity": "sha512-/kYRxGDLWzHOB7q+wtSUQlFrtcdUccpfy+X+9iMBpHK8QLLhx2wIPYuS5DYtR9Wa/YlZAbIovy7qVdB1Aq6Lyw==",
      "dev": true
    },
    "node_modules/bufferutil": {
      "version": "4.0.8",
      "resolved": "https://registry.npmjs.org/bufferutil/-/bufferutil-4.0.8.tgz",
      "integrity": "sha512-4T53u4PdgsXqKaIctwF8ifXlRTTmEPJ8iEPWFdGZvcf7sbwYo6FKFEX9eNNAnzFZ7EzJAQ3CJeOtCRA4rDp7Pw==",
      "hasInstallScript": true,
      "dependencies": {
        "node-gyp-build": "^4.3.0"
      },
      "engines": {
        "node": ">=6.14.2"
      }
    },
    "node_modules/d": {
      "version": "1.0.2",
      "resolved": "https://registry.npmjs.org/d/-/d-1.0.2.tgz",
      "integrity": "sha512-MOqHvMWF9/9MX6nza0KgvFH4HpMU0EF5uUDXqX/BtxtU8NfB0QzRtJ8Oe/6SuS4kbhyzVJwjd97EA4PKrzJ8bw==",
      "dependencies": {
        "es5-ext": "^0.10.64",
        "type": "^2.7.2"
      },
      "engines": {
        "node": ">=0.12"
      }
    },
    "node_modules/data-uri-to-buffer": {
      "version": "4.0.1",
      "resolved": "https://registry.npmjs.org/data-uri-to-buffer/-/data-uri-to-buffer-4.0.1.tgz",
      "integrity": "sha512-0R9ikRb668HB7QDxT1vkpuUBtqc53YyAwMwGeUFKRojY/NWKvdZ+9UYtRfGmhqNbRkTSVpMbmyhXipFFv2cb/A==",
      "engines": {
        "node": ">= 12"
      }
    },
    "node_modules/debug": {
      "version": "4.3.4",
      "resolved": "https://registry.npmjs.org/debug/-/debug-4.3.4.tgz",
      "integrity": "sha512-PRWFHuSU3eDtQJPvnNY7Jcket1j0t5OuOsFzPPzsekD52Zl8qUfFIPEiswXqIvHWGVHOgX+7G/vCNNhehwxfkQ==",
      "dependencies": {
        "ms": "2.1.2"
      },
      "engines": {
        "node": ">=6.0"
      },
      "peerDependenciesMeta": {
        "supports-color": {
          "optional": true
        }
      }
    },
    "node_modules/es5-ext": {
      "version": "0.10.64",
      "resolved": "https://registry.npmjs.org/es5-ext/-/es5-ext-0.10.64.tgz",
      "integrity": "sha512-p2snDhiLaXe6dahss1LddxqEm+SkuDvV8dnIQG0MWjyHpcMNfXKPE+/Cc0y+PhxJX3A4xGNeFCj5oc0BUh6deg==",
      "hasInstallScript": true,
      "dependencies": {
        "es6-iterator": "^2.0.3",
        "es6-symbol": "^3.1.3",
        "esniff": "^2.0.1",
        "next-tick": "^1.1.0"
      },
      "engines": {
        "node": ">=0.10"
      }
    },
    "node_modules/es6-iterator": {
      "version": "2.0.3",
      "resolved": "https://registry.npmjs.org/es6-iterator/-/es6-iterator-2.0.3.tgz",
      "integrity": "sha512-zw4SRzoUkd+cl+ZoE15A9o1oQd920Bb0iOJMQkQhl3jNc03YqVjAhG7scf9C5KWRU/R13Orf588uCC6525o02g==",
      "dependencies": {
        "d": "1",
        "es5-ext": "^0.10.35",
        "es6-symbol": "^3.1.1"
      }
    },
    "node_modules/es6-symbol": {
      "version": "3.1.4",
      "resolved": "https://registry.npmjs.org/es6-symbol/-/es6-symbol-3.1.4.tgz",
      "integrity": "sha512-U9bFFjX8tFiATgtkJ1zg25+KviIXpgRvRHS8sau3GfhVzThRQrOeksPeT0BWW2MNZs1OEWJ1DPXOQMn0KKRkvg==",
      "dependencies": {
        "d": "^1.0.2",
        "ext": "^1.7.0"
      },
      "engines": {
        "node": ">=0.12"
      }
    },
    "node_modules/esbuild": {
      "version": "0.19.12",
      "resolved": "https://registry.npmjs.org/esbuild/-/esbuild-0.19.12.tgz",
      "integrity": "sha512-aARqgq8roFBj054KvQr5f1sFu0D65G+miZRCuJyJ0G13Zwx7vRar5Zhn2tkQNzIXcBrNVsv/8stehpj+GAjgbg==",
      "dev": true,
      "hasInstallScript": true,
      "bin": {
        "esbuild": "bin/esbuild"
      },
      "engines": {
        "node": ">=12"
      },
      "optionalDependencies": {
        "@esbuild/aix-ppc64": "0.19.12",
        "@esbuild/android-arm": "0.19.12",
        "@esbuild/android-arm64": "0.19.12",
        "@esbuild/android-x64": "0.19.12",
        "@esbuild/darwin-arm64": "0.19.12",
        "@esbuild/darwin-x64": "0.19.12",
        "@esbuild/freebsd-arm64": "0.19.12",
        "@esbuild/freebsd-x64": "0.19.12",
        "@esbuild/linux-arm": "0.19.12",
        "@esbuild/linux-arm64": "0.19.12",
        "@esbuild/linux-ia32": "0.19.12",
        "@esbuild/linux-loong64": "0.19.12",
        "@esbuild/linux-mips64el": "0.19.12",
        "@esbuild/linux-ppc64": "0.19.12",
        "@esbuild/linux-riscv64": "0.19.12",
        "@esbuild/linux-s390x": "0.19.12",
        "@esbuild/linux-x64": "0.19.12",
        "@esbuild/netbsd-x64": "0.19.12",
        "@esbuild/openbsd-x64": "0.19.12",
        "@esbuild/sunos-x64": "0.19.12",
        "@esbuild/win32-arm64": "0.19.12",
        "@esbuild/win32-ia32": "0.19.12",
        "@esbuild/win32-x64": "0.19.12"
      }
    },
    "node_modules/esniff": {
      "version": "2.0.1",
      "resolved": "https://registry.npmjs.org/esniff/-/esniff-2.0.1.tgz",
      "integrity": "sha512-kTUIGKQ/mDPFoJ0oVfcmyJn4iBDRptjNVIzwIFR7tqWXdVI9xfA2RMwY/gbSpJG3lkdWNEjLap/NqVHZiJsdfg==",
      "dependencies": {
        "d": "^1.0.1",
        "es5-ext": "^0.10.62",
        "event-emitter": "^0.3.5",
        "type": "^2.7.2"
      },
      "engines": {
        "node": ">=0.10"
      }
    },
    "node_modules/event-emitter": {
      "version": "0.3.5",
      "resolved": "https://registry.npmjs.org/event-emitter/-/event-emitter-0.3.5.tgz",
      "integrity": "sha512-D9rRn9y7kLPnJ+hMq7S/nhvoKwwvVJahBi2BPmx3bvbsEdK3W9ii8cBSGjP+72/LnM4n6fo3+dkCX5FeTQruXA==",
      "dependencies": {
        "d": "1",
        "es5-ext": "~0.10.14"
      }
    },
    "node_modules/ext": {
      "version": "1.7.0",
      "resolved": "https://registry.npmjs.org/ext/-/ext-1.7.0.tgz",
      "integrity": "sha512-6hxeJYaL110a9b5TEJSj0gojyHQAmA2ch5Os+ySCiA1QGdS697XWY1pzsrSjqA9LDEEgdB/KypIlR59RcLuHYw==",
      "dependencies": {
        "type": "^2.7.2"
      }
    },
    "node_modules/fetch-blob": {
      "version": "3.2.0",
      "resolved": "https://registry.npmjs.org/fetch-blob/-/fetch-blob-3.2.0.tgz",
      "integrity": "sha512-7yAQpD2UMJzLi1Dqv7qFYnPbaPx7ZfFK6PiIxQ4PfkGPyNyl2Ugx+a/umUonmKqjhM4DnfbMvdX6otXq83soQQ==",
      "funding": [
        {
          "type": "github",
          "url": "https://github.com/sponsors/jimmywarting"
        },
        {
          "type": "paypal",
          "url": "https://paypal.me/jimmywarting"
        }
      ],
      "dependencies": {
        "node-domexception": "^1.0.0",
        "web-streams-polyfill": "^3.0.3"
      },
      "engines": {
        "node": "^12.20 || >= 14.13"
      }
    },
    "node_modules/formdata-polyfill": {
      "version": "4.0.10",
      "resolved": "https://registry.npmjs.org/formdata-polyfill/-/formdata-polyfill-4.0.10.tgz",
      "integrity": "sha512-buewHzMvYL29jdeQTVILecSaZKnt/RJWjoZCF5OW60Z67/GmSLBkOFM7qh1PI3zFNtJbaZL5eQu1vLfazOwj4g==",
      "dependencies": {
        "fetch-blob": "^3.1.2"
      },
      "engines": {
        "node": ">=12.20.0"
      }
    },
    "node_modules/fsevents": {
      "version": "2.3.3",
      "resolved": "https://registry.npmjs.org/fsevents/-/fsevents-2.3.3.tgz",
      "integrity": "sha512-5xoDfX+fL7faATnagmWPpbFtwh/R77WmMMqqHGS65C3vvB0YHrgF+B1YmZ3441tMj5n63k0212XNoJwzlhffQw==",
      "dev": true,
      "hasInstallScript": true,
      "optional": true,
      "os": [
        "darwin"
      ],
      "engines": {
        "node": "^8.16.0 || ^10.6.0 || >=11.0.0"
      }
    },
    "node_modules/is-typedarray": {
      "version": "1.0.0",
      "resolved": "https://registry.npmjs.org/is-typedarray/-/is-typedarray-1.0.0.tgz",
      "integrity": "sha512-cyA56iCMHAh5CdzjJIa4aohJyeO1YbwLi3Jc35MmRU6poroFjIGZzUzupGiRPOjgHg9TLu43xbpwXk523fMxKA=="
    },
    "node_modules/light-bolt11-decoder": {
      "version": "3.0.0",
      "resolved": "https://registry.npmjs.org/light-bolt11-decoder/-/light-bolt11-decoder-3.0.0.tgz",
      "integrity": "sha512-AKvOigD2pmC8ktnn2TIqdJu0K0qk6ukUmTvHwF3JNkm8uWCqt18Ijn33A/a7gaRZ4PghJ59X+8+MXrzLKdBTmQ==",
      "dependencies": {
        "@scure/base": "1.1.1"
      }
    },
    "node_modules/light-bolt11-decoder/node_modules/@scure/base": {
      "version": "1.1.1",
      "resolved": "https://registry.npmjs.org/@scure/base/-/base-1.1.1.tgz",
      "integrity": "sha512-ZxOhsSyxYwLJj3pLZCefNitxsj093tb2vq90mp2txoYeBqbcjDjqFhyM8eUjq/uFm6zJ+mUuqxlS2FkuSY1MTA==",
      "funding": [
        {
          "type": "individual",
          "url": "https://paulmillr.com/funding/"
        }
      ]
    },
    "node_modules/ms": {
      "version": "2.1.2",
      "resolved": "https://registry.npmjs.org/ms/-/ms-2.1.2.tgz",
      "integrity": "sha512-sGkPx+VjMtmA6MX27oA4FBFELFCZZ4S4XqeGOXCv68tT+jb3vk/RyaKWP0PTKyWtmLSM0b+adUTEvbs1PEaH2w=="
    },
    "node_modules/nanoid": {
      "version": "3.3.7",
      "resolved": "https://registry.npmjs.org/nanoid/-/nanoid-3.3.7.tgz",
      "integrity": "sha512-eSRppjcPIatRIMC1U6UngP8XFcz8MQWGQdt1MTBQ7NaAmvXDfvNxbvWV3x2y6CdEUciCSsDHDQZbhYaB8QEo2g==",
      "dev": true,
      "funding": [
        {
          "type": "github",
          "url": "https://github.com/sponsors/ai"
        }
      ],
      "bin": {
        "nanoid": "bin/nanoid.cjs"
      },
      "engines": {
        "node": "^10 || ^12 || ^13.7 || ^14 || >=15.0.1"
      }
    },
    "node_modules/next-tick": {
      "version": "1.1.0",
      "resolved": "https://registry.npmjs.org/next-tick/-/next-tick-1.1.0.tgz",
      "integrity": "sha512-CXdUiJembsNjuToQvxayPZF9Vqht7hewsvy2sOWafLvi2awflj9mOC6bHIg50orX8IJvWKY9wYQ/zB2kogPslQ=="
    },
    "node_modules/node-domexception": {
      "version": "1.0.0",
      "resolved": "https://registry.npmjs.org/node-domexception/-/node-domexception-1.0.0.tgz",
      "integrity": "sha512-/jKZoMpw0F8GRwl4/eLROPA3cfcXtLApP0QzLmUT/HuPCZWyB7IY9ZrMeKw2O/nFIqPQB3PVM9aYm0F312AXDQ==",
      "funding": [
        {
          "type": "github",
          "url": "https://github.com/sponsors/jimmywarting"
        },
        {
          "type": "github",
          "url": "https://paypal.me/jimmywarting"
        }
      ],
      "engines": {
        "node": ">=10.5.0"
      }
    },
    "node_modules/node-fetch": {
      "version": "3.3.2",
      "resolved": "https://registry.npmjs.org/node-fetch/-/node-fetch-3.3.2.tgz",
      "integrity": "sha512-dRB78srN/l6gqWulah9SrxeYnxeddIG30+GOqK/9OlLVyLg3HPnr6SqOWTWOXKRwC2eGYCkZ59NNuSgvSrpgOA==",
      "dependencies": {
        "data-uri-to-buffer": "^4.0.0",
        "fetch-blob": "^3.1.4",
        "formdata-polyfill": "^4.0.10"
      },
      "engines": {
        "node": "^12.20.0 || ^14.13.1 || >=16.0.0"
      },
      "funding": {
        "type": "opencollective",
        "url": "https://opencollective.com/node-fetch"
      }
    },
    "node_modules/node-gyp-build": {
      "version": "4.8.0",
      "resolved": "https://registry.npmjs.org/node-gyp-build/-/node-gyp-build-4.8.0.tgz",
      "integrity": "sha512-u6fs2AEUljNho3EYTJNBfImO5QTo/J/1Etd+NVdCj7qWKUSN/bSLkZwhDv7I+w/MSC6qJ4cknepkAYykDdK8og==",
      "bin": {
        "node-gyp-build": "bin.js",
        "node-gyp-build-optional": "optional.js",
        "node-gyp-build-test": "build-test.js"
      }
    },
    "node_modules/nostr-tools": {
      "version": "1.17.0",
      "resolved": "https://registry.npmjs.org/nostr-tools/-/nostr-tools-1.17.0.tgz",
      "integrity": "sha512-LZmR8GEWKZeElbFV5Xte75dOeE9EFUW/QLI1Ncn3JKn0kFddDKEfBbFN8Mu4TMs+L4HR/WTPha2l+PPuRnJcMw==",
      "dependencies": {
        "@noble/ciphers": "0.2.0",
        "@noble/curves": "1.1.0",
        "@noble/hashes": "1.3.1",
        "@scure/base": "1.1.1",
        "@scure/bip32": "1.3.1",
        "@scure/bip39": "1.2.1"
      },
      "peerDependencies": {
        "typescript": ">=5.0.0"
      },
      "peerDependenciesMeta": {
        "typescript": {
          "optional": true
        }
      }
    },
    "node_modules/nostr-tools/node_modules/@noble/hashes": {
      "version": "1.3.1",
      "resolved": "https://registry.npmjs.org/@noble/hashes/-/hashes-1.3.1.tgz",
      "integrity": "sha512-EbqwksQwz9xDRGfDST86whPBgM65E0OH/pCgqW0GBVzO22bNE+NuIbeTb714+IfSjU3aRk47EUvXIb5bTsenKA==",
      "engines": {
        "node": ">= 16"
      },
      "funding": {
        "url": "https://paulmillr.com/funding/"
      }
    },
    "node_modules/nostr-tools/node_modules/@scure/base": {
      "version": "1.1.1",
      "resolved": "https://registry.npmjs.org/@scure/base/-/base-1.1.1.tgz",
      "integrity": "sha512-ZxOhsSyxYwLJj3pLZCefNitxsj093tb2vq90mp2txoYeBqbcjDjqFhyM8eUjq/uFm6zJ+mUuqxlS2FkuSY1MTA==",
      "funding": [
        {
          "type": "individual",
          "url": "https://paulmillr.com/funding/"
        }
      ]
    },
    "node_modules/picocolors": {
      "version": "1.0.0",
      "resolved": "https://registry.npmjs.org/picocolors/-/picocolors-1.0.0.tgz",
      "integrity": "sha512-1fygroTLlHu66zi26VoTDv8yRgm0Fccecssto+MhsZ0D/DGW2sm8E8AjW7NU5VVTRt5GxbeZ5qBuJr+HyLYkjQ==",
      "dev": true
    },
    "node_modules/postcss": {
      "version": "8.4.35",
      "resolved": "https://registry.npmjs.org/postcss/-/postcss-8.4.35.tgz",
      "integrity": "sha512-u5U8qYpBCpN13BsiEB0CbR1Hhh4Gc0zLFuedrHJKMctHCHAGrMdG0PRM/KErzAL3CU6/eckEtmHNB3x6e3c0vA==",
      "dev": true,
      "funding": [
        {
          "type": "opencollective",
          "url": "https://opencollective.com/postcss/"
        },
        {
          "type": "tidelift",
          "url": "https://tidelift.com/funding/github/npm/postcss"
        },
        {
          "type": "github",
          "url": "https://github.com/sponsors/ai"
        }
      ],
      "dependencies": {
        "nanoid": "^3.3.7",
        "picocolors": "^1.0.0",
        "source-map-js": "^1.0.2"
      },
      "engines": {
        "node": "^10 || ^12 || >=14"
      }
    },
    "node_modules/rollup": {
      "version": "4.12.1",
      "resolved": "https://registry.npmjs.org/rollup/-/rollup-4.12.1.tgz",
      "integrity": "sha512-ggqQKvx/PsB0FaWXhIvVkSWh7a/PCLQAsMjBc+nA2M8Rv2/HG0X6zvixAB7KyZBRtifBUhy5k8voQX/mRnABPg==",
      "dev": true,
      "dependencies": {
        "@types/estree": "1.0.5"
      },
      "bin": {
        "rollup": "dist/bin/rollup"
      },
      "engines": {
        "node": ">=18.0.0",
        "npm": ">=8.0.0"
      },
      "optionalDependencies": {
        "@rollup/rollup-android-arm-eabi": "4.12.1",
        "@rollup/rollup-android-arm64": "4.12.1",
        "@rollup/rollup-darwin-arm64": "4.12.1",
        "@rollup/rollup-darwin-x64": "4.12.1",
        "@rollup/rollup-linux-arm-gnueabihf": "4.12.1",
        "@rollup/rollup-linux-arm64-gnu": "4.12.1",
        "@rollup/rollup-linux-arm64-musl": "4.12.1",
        "@rollup/rollup-linux-riscv64-gnu": "4.12.1",
        "@rollup/rollup-linux-x64-gnu": "4.12.1",
        "@rollup/rollup-linux-x64-musl": "4.12.1",
        "@rollup/rollup-win32-arm64-msvc": "4.12.1",
        "@rollup/rollup-win32-ia32-msvc": "4.12.1",
        "@rollup/rollup-win32-x64-msvc": "4.12.1",
        "fsevents": "~2.3.2"
      }
    },
    "node_modules/source-map-js": {
      "version": "1.0.2",
      "resolved": "https://registry.npmjs.org/source-map-js/-/source-map-js-1.0.2.tgz",
      "integrity": "sha512-R0XvVJ9WusLiqTCEiGCmICCMplcCkIwwR11mOSD9CR5u+IXYdiseeEuXCVAjS54zqwkLcPNnmU4OeJ6tUrWhDw==",
      "dev": true,
      "engines": {
        "node": ">=0.10.0"
      }
    },
    "node_modules/tseep": {
      "version": "1.2.1",
      "resolved": "https://registry.npmjs.org/tseep/-/tseep-1.2.1.tgz",
      "integrity": "sha512-VFnsNcPGC4qFJ1nxbIPSjTmtRZOhlqLmtwRqtLVos8mbRHki8HO9cy9Z1e89EiWyxFmq6LBviI9TQjijxw/mEw=="
    },
    "node_modules/tstl": {
      "version": "2.5.13",
      "resolved": "https://registry.npmjs.org/tstl/-/tstl-2.5.13.tgz",
      "integrity": "sha512-h9wayHHFI5+yqt8iau0vqH96cTNhezhZ/Fk/hrIdpfkiMu3lg9nzyvMfs5bIdX51IVzZO6DudLqhkL/rVXpT6g=="
    },
    "node_modules/type": {
      "version": "2.7.2",
      "resolved": "https://registry.npmjs.org/type/-/type-2.7.2.tgz",
      "integrity": "sha512-dzlvlNlt6AXU7EBSfpAscydQ7gXB+pPGsPnfJnZpiNJBDj7IaJzQlBZYGdEi4R9HmPdBv2XmWJ6YUtoTa7lmCw=="
    },
    "node_modules/typedarray-to-buffer": {
      "version": "3.1.5",
      "resolved": "https://registry.npmjs.org/typedarray-to-buffer/-/typedarray-to-buffer-3.1.5.tgz",
      "integrity": "sha512-zdu8XMNEDepKKR+XYOXAVPtWui0ly0NtohUscw+UmaHiAWT8hrV1rr//H6V+0DvJ3OQ19S979M0laLfX8rm82Q==",
      "dependencies": {
        "is-typedarray": "^1.0.0"
      }
    },
    "node_modules/typescript-lru-cache": {
      "version": "2.0.0",
      "resolved": "https://registry.npmjs.org/typescript-lru-cache/-/typescript-lru-cache-2.0.0.tgz",
      "integrity": "sha512-Jp57Qyy8wXeMkdNuZiglE6v2Cypg13eDA1chHwDG6kq51X7gk4K7P7HaDdzZKCxkegXkVHNcPD0n5aW6OZH3aA=="
    },
    "node_modules/utf-8-validate": {
      "version": "5.0.10",
      "resolved": "https://registry.npmjs.org/utf-8-validate/-/utf-8-validate-5.0.10.tgz",
      "integrity": "sha512-Z6czzLq4u8fPOyx7TU6X3dvUZVvoJmxSQ+IcrlmagKhilxlhZgxPK6C5Jqbkw1IDUmFTM+cz9QDnnLTwDz/2gQ==",
      "hasInstallScript": true,
      "dependencies": {
        "node-gyp-build": "^4.3.0"
      },
      "engines": {
        "node": ">=6.14.2"
      }
    },
    "node_modules/utf8-buffer": {
      "version": "1.0.0",
      "resolved": "https://registry.npmjs.org/utf8-buffer/-/utf8-buffer-1.0.0.tgz",
      "integrity": "sha512-ueuhzvWnp5JU5CiGSY4WdKbiN/PO2AZ/lpeLiz2l38qwdLy/cW40XobgyuIWucNyum0B33bVB0owjFCeGBSLqg==",
      "engines": {
        "node": ">=8"
      }
    },
    "node_modules/vite": {
      "version": "5.1.5",
      "resolved": "https://registry.npmjs.org/vite/-/vite-5.1.5.tgz",
      "integrity": "sha512-BdN1xh0Of/oQafhU+FvopafUp6WaYenLU/NFoL5WyJL++GxkNfieKzBhM24H3HVsPQrlAqB7iJYTHabzaRed5Q==",
      "dev": true,
      "dependencies": {
        "esbuild": "^0.19.3",
        "postcss": "^8.4.35",
        "rollup": "^4.2.0"
      },
      "bin": {
        "vite": "bin/vite.js"
      },
      "engines": {
        "node": "^18.0.0 || >=20.0.0"
      },
      "funding": {
        "url": "https://github.com/vitejs/vite?sponsor=1"
      },
      "optionalDependencies": {
        "fsevents": "~2.3.3"
      },
      "peerDependencies": {
        "@types/node": "^18.0.0 || >=20.0.0",
        "less": "*",
        "lightningcss": "^1.21.0",
        "sass": "*",
        "stylus": "*",
        "sugarss": "*",
        "terser": "^5.4.0"
      },
      "peerDependenciesMeta": {
        "@types/node": {
          "optional": true
        },
        "less": {
          "optional": true
        },
        "lightningcss": {
          "optional": true
        },
        "sass": {
          "optional": true
        },
        "stylus": {
          "optional": true
        },
        "sugarss": {
          "optional": true
        },
        "terser": {
          "optional": true
        }
      }
    },
    "node_modules/web-streams-polyfill": {
      "version": "3.3.3",
      "resolved": "https://registry.npmjs.org/web-streams-polyfill/-/web-streams-polyfill-3.3.3.tgz",
      "integrity": "sha512-d2JWLCivmZYTSIoge9MsgFCZrt571BikcWGYkjC1khllbTeDlGqZ2D8vD8E/lJa8WGWbb7Plm8/XJYV7IJHZZw==",
      "engines": {
        "node": ">= 8"
      }
    },
    "node_modules/websocket": {
      "version": "1.0.34",
      "resolved": "https://registry.npmjs.org/websocket/-/websocket-1.0.34.tgz",
      "integrity": "sha512-PRDso2sGwF6kM75QykIesBijKSVceR6jL2G8NGYyq2XrItNC2P5/qL5XeR056GhA+Ly7JMFvJb9I312mJfmqnQ==",
      "dependencies": {
        "bufferutil": "^4.0.1",
        "debug": "^2.2.0",
        "es5-ext": "^0.10.50",
        "typedarray-to-buffer": "^3.1.5",
        "utf-8-validate": "^5.0.2",
        "yaeti": "^0.0.6"
      },
      "engines": {
        "node": ">=4.0.0"
      }
    },
    "node_modules/websocket-polyfill": {
      "version": "0.0.3",
      "resolved": "https://registry.npmjs.org/websocket-polyfill/-/websocket-polyfill-0.0.3.tgz",
      "integrity": "sha512-pF3kR8Uaoau78MpUmFfzbIRxXj9PeQrCuPepGE6JIsfsJ/o/iXr07Q2iQNzKSSblQJ0FiGWlS64N4pVSm+O3Dg==",
      "dependencies": {
        "tstl": "^2.0.7",
        "websocket": "^1.0.28"
      }
    },
    "node_modules/websocket/node_modules/debug": {
      "version": "2.6.9",
      "resolved": "https://registry.npmjs.org/debug/-/debug-2.6.9.tgz",
      "integrity": "sha512-bC7ElrdJaJnPbAP+1EotYvqZsb3ecl5wi6Bfi6BJTUcNowp6cvspg0jXznRTKDjm/E7AdgFBVeAPVMNcKGsHMA==",
      "dependencies": {
        "ms": "2.0.0"
      }
    },
    "node_modules/websocket/node_modules/ms": {
      "version": "2.0.0",
      "resolved": "https://registry.npmjs.org/ms/-/ms-2.0.0.tgz",
      "integrity": "sha512-Tpp60P6IUJDTuOq/5Z8cdskzJujfwqfOTkrwIwj7IRISpnkJnT6SyJ4PCPnGMoFjC9ddhal5KVIYtAt97ix05A=="
    },
    "node_modules/yaeti": {
      "version": "0.0.6",
      "resolved": "https://registry.npmjs.org/yaeti/-/yaeti-0.0.6.tgz",
      "integrity": "sha512-MvQa//+KcZCUkBTIC9blM+CU9J2GzuTytsOUwf2lidtvkx/6gnEp1QvJv34t9vdjhFmha/mUiNDbN0D0mJWdug==",
      "engines": {
        "node": ">=0.10.32"
      }
    }
  }
}
